
Microsoft Visual Studio Solution File, Format Version 12.00
# Visual Studio Version 17
VisualStudioVersion = 17.2.32630.192
MinimumVisualStudioVersion = 10.0.40219.1
Project("{9A19103F-16F7-4668-BE54-9A1E7A4F7556}") = "OWODA", "OWODA.csproj", "{BE757683-B13B-48B4-9E8A-BAF59CE209C1}"
EndProject
Global
	GlobalSection(SolutionConfigurationPlatforms) = preSolution
		Debug|Any CPU = Debug|Any CPU
		Release|Any CPU = Release|Any CPU
	EndGlobalSection
	GlobalSection(ProjectConfigurationPlatforms) = postSolution
		{BE757683-B13B-48B4-9E8A-BAF59CE209C1}.Debug|Any CPU.ActiveCfg = Debug|Any CPU
		{BE757683-B13B-48B4-9E8A-BAF59CE209C1}.Debug|Any CPU.Build.0 = Debug|Any CPU
		{BE757683-B13B-48B4-9E8A-BAF59CE209C1}.Release|Any CPU.ActiveCfg = Release|Any CPU
		{BE757683-B13B-48B4-9E8A-BAF59CE209C1}.Release|Any CPU.Build.0 = Release|Any CPU
	EndGlobalSection
	GlobalSection(SolutionProperties) = preSolution
		HideSolutionNode = FALSE
	EndGlobalSection
	GlobalSection(ExtensibilityGlobals) = postSolution
		SolutionGuid = {864F21DA-72C6-4ED3-A5E9-B7E6DB1290E7}
	EndGlobalSection
EndGlobal
